
Microsoft Visual Studio Solution File, Format Version 12.00
# Visual Studio Version 17
VisualStudioVersion = 17.13.35931.197 d17.13
MinimumVisualStudioVersion = 10.0.40219.1
Project("{54A90642-561A-4BB1-A94E-469ADEE60C69}") = "energymeteringapp.client", "energymeteringapp.client\energymeteringapp.client.esproj", "{FF55110F-993A-9C3B-9DC5-B06FA046AD7E}"
EndProject
Project("{FAE04EC0-301F-11D3-BF4B-00C04F79EFBC}") = "EnergyMeteringApp.Server", "EnergyMeteringApp.Server\EnergyMeteringApp.Server.csproj", "{47B69CEA-27AC-4B0D-9EB1-CD3E669EF6BE}"
EndProject
Global
	GlobalSection(SolutionConfigurationPlatforms) = preSolution
		Debug|Any CPU = Debug|Any CPU
		Release|Any CPU = Release|Any CPU
	EndGlobalSection
	GlobalSection(ProjectConfigurationPlatforms) = postSolution
		{FF55110F-993A-9C3B-9DC5-B06FA046AD7E}.Debug|Any CPU.ActiveCfg = Debug|Any CPU
		{FF55110F-993A-9C3B-9DC5-B06FA046AD7E}.Debug|Any CPU.Build.0 = Debug|Any CPU
		{FF55110F-993A-9C3B-9DC5-B06FA046AD7E}.Debug|Any CPU.Deploy.0 = Debug|Any CPU
		{FF55110F-993A-9C3B-9DC5-B06FA046AD7E}.Release|Any CPU.ActiveCfg = Release|Any CPU
		{FF55110F-993A-9C3B-9DC5-B06FA046AD7E}.Release|Any CPU.Build.0 = Release|Any CPU
		{FF55110F-993A-9C3B-9DC5-B06FA046AD7E}.Release|Any CPU.Deploy.0 = Release|Any CPU
		{47B69CEA-27AC-4B0D-9EB1-CD3E669EF6BE}.Debug|Any CPU.ActiveCfg = Debug|Any CPU
		{47B69CEA-27AC-4B0D-9EB1-CD3E669EF6BE}.Debug|Any CPU.Build.0 = Debug|Any CPU
		{47B69CEA-27AC-4B0D-9EB1-CD3E669EF6BE}.Release|Any CPU.ActiveCfg = Release|Any CPU
		{47B69CEA-27AC-4B0D-9EB1-CD3E669EF6BE}.Release|Any CPU.Build.0 = Release|Any CPU
	EndGlobalSection
	GlobalSection(SolutionProperties) = preSolution
		HideSolutionNode = FALSE
	EndGlobalSection
	GlobalSection(ExtensibilityGlobals) = postSolution
		SolutionGuid = {1BAC0BE3-367B-440B-A929-9ACD152F576B}
	EndGlobalSection
EndGlobal
